
Microsoft Visual Studio Solution File, Format Version 12.00
# Visual Studio Version 17
VisualStudioVersion = 17.8.34316.72
MinimumVisualStudioVersion = 10.0.40219.1
Project("{FAE04EC0-301F-11D3-BF4B-00C04F79EFBC}") = "AdaTech.ResumeAPI", "AdaTech.ResumeAPI\AdaTech.ResumeAPI.csproj", "{CCA5A966-A257-4C87-BA9D-CA2EE2A687E8}"
EndProject
Global
	GlobalSection(SolutionConfigurationPlatforms) = preSolution
		Debug|Any CPU = Debug|Any CPU
		Release|Any CPU = Release|Any CPU
	EndGlobalSection
	GlobalSection(ProjectConfigurationPlatforms) = postSolution
		{CCA5A966-A257-4C87-BA9D-CA2EE2A687E8}.Debug|Any CPU.ActiveCfg = Debug|Any CPU
		{CCA5A966-A257-4C87-BA9D-CA2EE2A687E8}.Debug|Any CPU.Build.0 = Debug|Any CPU
		{CCA5A966-A257-4C87-BA9D-CA2EE2A687E8}.Release|Any CPU.ActiveCfg = Release|Any CPU
		{CCA5A966-A257-4C87-BA9D-CA2EE2A687E8}.Release|Any CPU.Build.0 = Release|Any CPU
	EndGlobalSection
	GlobalSection(SolutionProperties) = preSolution
		HideSolutionNode = FALSE
	EndGlobalSection
	GlobalSection(ExtensibilityGlobals) = postSolution
		SolutionGuid = {FA62B97D-20AF-4A0C-A072-CF3E00C04584}
	EndGlobalSection
EndGlobal
